
Microsoft Visual Studio Solution File, Format Version 12.00
# Visual Studio Version 17
VisualStudioVersion = 17.11.35222.181
MinimumVisualStudioVersion = 10.0.40219.1
Project("{FAE04EC0-301F-11D3-BF4B-00C04F79EFBC}") = "croCKer", "croCKer\croCKer.csproj", "{999C0BB4-5DA9-402C-8F34-8CB6B4BC89EF}"
EndProject
Global
	GlobalSection(SolutionConfigurationPlatforms) = preSolution
		Debug|Any CPU = Debug|Any CPU
		Release|Any CPU = Release|Any CPU
	EndGlobalSection
	GlobalSection(ProjectConfigurationPlatforms) = postSolution
		{999C0BB4-5DA9-402C-8F34-8CB6B4BC89EF}.Debug|Any CPU.ActiveCfg = Debug|Any CPU
		{999C0BB4-5DA9-402C-8F34-8CB6B4BC89EF}.Debug|Any CPU.Build.0 = Debug|Any CPU
		{999C0BB4-5DA9-402C-8F34-8CB6B4BC89EF}.Release|Any CPU.ActiveCfg = Release|Any CPU
		{999C0BB4-5DA9-402C-8F34-8CB6B4BC89EF}.Release|Any CPU.Build.0 = Release|Any CPU
	EndGlobalSection
	GlobalSection(SolutionProperties) = preSolution
		HideSolutionNode = FALSE
	EndGlobalSection
	GlobalSection(ExtensibilityGlobals) = postSolution
		SolutionGuid = {BE14AA0B-7D0B-4338-9697-60CDBA1DA744}
	EndGlobalSection
EndGlobal
